
Microsoft Visual Studio Solution File, Format Version 12.00
Project("{FAE04EC0-301F-11D3-BF4B-00C04F79EFBC}") = "Budnikova_M8O_307_CG3", "Budnikova_M8O_307_CG3\Budnikova_M8O_307_CG3.csproj", "{29EAFB4A-E916-48DD-A99D-825ACA2A0881}"
EndProject
Global
	GlobalSection(SolutionConfigurationPlatforms) = preSolution
		Debug|Any CPU = Debug|Any CPU
		Release|Any CPU = Release|Any CPU
	EndGlobalSection
	GlobalSection(ProjectConfigurationPlatforms) = postSolution
		{29EAFB4A-E916-48DD-A99D-825ACA2A0881}.Debug|Any CPU.ActiveCfg = Debug|Any CPU
		{29EAFB4A-E916-48DD-A99D-825ACA2A0881}.Debug|Any CPU.Build.0 = Debug|Any CPU
		{29EAFB4A-E916-48DD-A99D-825ACA2A0881}.Release|Any CPU.ActiveCfg = Release|Any CPU
		{29EAFB4A-E916-48DD-A99D-825ACA2A0881}.Release|Any CPU.Build.0 = Release|Any CPU
	EndGlobalSection
EndGlobal
